github.com/bxcodec/faker/v4 v4.0.0-beta.3 h1:gqYNBvN72QtzKkYohNDKQlm+pg+uwBDVMN28nWHS18k=
github.com/bxcodec/faker/v4 v4.0.0-beta.3/go.mod h1:m6+Ch1Lj3fqW/unZmvkXIdxWS5+XQWPWxcbbQW2X+Ho=
github.com/go-faker/faker/v4 v4.3.0 h1:UXOW7kn/Mwd0u6MR30JjUKVzguT20EB/hBOddAAO+DY=
github.com/go-faker/faker/v4 v4.3.0/go.mod h1:F/bBy8GH9NxOxMInug5Gx4WYeG6fHJZ8Ol/dhcpRub4=
github.com/golang-collections/collections v0.0.0-20130729185459-604e922904d3 h1:zN2lZNZRflqFyxVaTIU61KNKQ9C0055u9CAfpmqUvo4=
github.com/golang-collections/collections v0.0.0-20130729185459-604e922904d3/go.mod h1:nPpo7qLxd6XL3hWJG/O60sR8ZKfMCiIoNap5GvD12KU=
github.com/lib/pq v1.10.9 h1:YXG7RB+JIjhP29X+OtkiDnYaXQwpS4JEWq7dtCCRUEw=
github.com/lib/pq v1.10.9/go.mod h1:AlVN5x4E4T544tWzH6hKfbfQvm3HdbOxrmggDNAPY9o=
golang.org/x/text v0.14.0 h1:ScX5w1eTa3QqT8oi6+ziP7dTV1S2+ALU0bI+0zXKWiQ=
golang.org/x/text v0.14.0/go.mod h1:18ZOQIKpY8NJVqYksKHtTdi31H5itFRjB5/qKTNYzSU=
